
Microsoft Visual Studio Solution File, Format Version 12.00
# Visual Studio Version 17
VisualStudioVersion = 17.0.32014.148
MinimumVisualStudioVersion = 10.0.40219.1
Project("{FAE04EC0-301F-11D3-BF4B-00C04F79EFBC}") = "EmpProfileApp", "EmpProfileApp\EmpProfileApp.csproj", "{4CCB5AC4-2F47-49CD-ABD4-814AF283143E}"
EndProject
Global
	GlobalSection(SolutionConfigurationPlatforms) = preSolution
		Debug|Any CPU = Debug|Any CPU
		Release|Any CPU = Release|Any CPU
	EndGlobalSection
	GlobalSection(ProjectConfigurationPlatforms) = postSolution
		{4CCB5AC4-2F47-49CD-ABD4-814AF283143E}.Debug|Any CPU.ActiveCfg = Debug|Any CPU
		{4CCB5AC4-2F47-49CD-ABD4-814AF283143E}.Debug|Any CPU.Build.0 = Debug|Any CPU
		{4CCB5AC4-2F47-49CD-ABD4-814AF283143E}.Release|Any CPU.ActiveCfg = Release|Any CPU
		{4CCB5AC4-2F47-49CD-ABD4-814AF283143E}.Release|Any CPU.Build.0 = Release|Any CPU
	EndGlobalSection
	GlobalSection(SolutionProperties) = preSolution
		HideSolutionNode = FALSE
	EndGlobalSection
	GlobalSection(ExtensibilityGlobals) = postSolution
		SolutionGuid = {1C477CE2-2A79-41F7-9A05-73E539FD1E5A}
	EndGlobalSection
EndGlobal
